{
  "name": "linkynn",
  "version": "0.1.0",
  "lockfileVersion": 3,
  "requires": true,
  "packages": {
    "": {
      "name": "linkynn",
      "version": "0.1.0",
      "license": "GPL-3.0-only",
      "engines": {
        "node": "20.x",
        "npm": "10.x"
      },
      "funding": {
        "type": "github",
        "url": "https://github.com/sponsors/Victor101106"
      }
    }
  }
}
